{
  "version": 4,
  "terraform_version": "1.1.7",
  "serial": 44,
  "lineage": "f07d91f8-d363-6648-312f-7747b07d7f46",
  "outputs": {},
  "resources": [
    {
      "mode": "managed",
      "type": "aws_iam_role",
      "name": "develop_access_role",
      "provider": "provider[\"registry.terraform.io/hashicorp/aws\"]",
      "instances": [
        {
          "schema_version": 0,
          "attributes": {
            "arn": "arn:aws:iam::000000000000:role/develop_access_role",
            "assume_role_policy": "{\n    \"Version\": \"2012-10-17\",\n    \"Statement\": [\n        {\n            \"Effect\": \"Allow\",\n            \"Action\": \"s3:*\",\n            \"Resource\": \"*\"\n        },\n      \t{\n      \t     \"Action\": \"CodeCommit:*\",\n      \t     \"Effect\": \"Allow\",\n             \"Resource\": \"*\"\n     \t},\n\t{\n             \"Action\": \"CodeDeploy:*\",\n             \"Effect\": \"Allow\",\n             \"Resource\": \"*\"\n        },\n\t{\n             \"Action\": \"CodePipeline:*\",\n             \"Effect\": \"Allow\",\n             \"Resource\": \"*\"\n        }\n    ]\n}\n",
            "create_date": "2022-03-22T07:49:26Z",
            "description": "",
            "force_detach_policies": false,
            "id": "develop_access_role",
            "inline_policy": [
              {
                "name": "",
                "policy": ""
              }
            ],
            "managed_policy_arns": [],
            "max_session_duration": 3600,
            "name": "develop_access_role",
            "name_prefix": "",
            "path": "/",
            "permissions_boundary": null,
            "tags": {},
            "tags_all": {},
            "unique_id": "y2r2lzpbablil3ysmld5"
          },
          "sensitive_attributes": [],
          "private": "bnVsbA=="
        }
      ]
    },
    {
      "module": "module.kms_key",
      "mode": "managed",
      "type": "aws_kms_alias",
      "name": "default",
      "provider": "provider[\"registry.terraform.io/hashicorp/aws\"]",
      "instances": []
    }
  ]
}
